{
  "version": 4,
  "terraform_version": "1.15.8",
  "serial": 20,
  "lineage": "99f1fc7a-09d3-3feb-4dab-ee5519859de0",
  "outputs": {
    "alb_dns_name": {
      "value": "resilientcommerce-alb.elb.localhost.localstack.cloud",
      "type": "string"
    },
    "eks_cluster_name": {
      "value": "resilientcommerce-eks",
      "type": "string"
    },
    "private_subnet_ids": {
      "value": [
        "subnet-19e733e65ca6f48f0",
        "subnet-12c2f979dbf47ba0e"
      ],
      "type": [
        "tuple",
        [
          "string",
          "string"
        ]
      ]
    },
    "public_subnet_ids": {
      "value": [
        "subnet-dd87f198eb4b40067",
        "subnet-bb020be94bc6ce3e8"
      ],
      "type": [
        "tuple",
        [
          "string",
          "string"
        ]
      ]
    },
    "vpc_id": {
      "value": "vpc-c888f00a7de3c4172",
      "type": "string"
    }
  },
  "resources": [
    {
      "mode": "managed",
      "type": "aws_eip",
      "name": "nat",
      "provider": "provider[\"registry.terraform.io/hashicorp/aws\"]",
      "instances": [
        {
          "schema_version": 0,
          "attributes": {
            "address": null,
            "allocation_id": "eipalloc-8692e912b4b4f524a",
            "arn": "arn:aws:ec2:us-east-1::elastic-ip/eipalloc-8692e912b4b4f524a",
            "associate_with_private_ip": null,
            "association_id": "",
            "carrier_ip": "",
            "customer_owned_ip": "",
            "customer_owned_ipv4_pool": "",
            "domain": "vpc",
            "id": "eipalloc-8692e912b4b4f524a",
            "instance": "",
            "ipam_pool_id": null,
            "network_border_group": "",
            "network_interface": "",
            "private_dns": null,
            "private_ip": "",
            "ptr_record": "",
            "public_dns": "ec2-127-246-23-164.compute-1.amazonaws.com",
            "public_ip": "127.246.23.164",
            "public_ipv4_pool": "",
            "tags": {
              "Name": "resilientcommerce-nat-eip"
            },
            "tags_all": {
              "Name": "resilientcommerce-nat-eip"
            },
            "timeouts": null,
            "vpc": true
          },
          "sensitive_attributes": [],
          "identity_schema_version": 0,
          "private": "eyJlMmJmYjczMC1lY2FhLTExZTYtOGY4OC0zNDM2M2JjN2M0YzAiOnsiZGVsZXRlIjoxODAwMDAwMDAwMDAsInJlYWQiOjkwMDAwMDAwMDAwMCwidXBkYXRlIjozMDAwMDAwMDAwMDB9fQ=="
        }
      ]
    },
    {
      "mode": "managed",
      "type": "aws_eks_cluster",
      "name": "main",
      "provider": "provider[\"registry.terraform.io/hashicorp/aws\"]",
      "instances": [
        {
          "schema_version": 1,
          "attributes": {
            "access_config": [],
            "arn": "arn:aws:eks:us-east-1:000000000000:cluster/resilientcommerce-eks",
            "bootstrap_self_managed_addons": true,
            "certificate_authority": [
              {
                "data": "LS0tLS1CRUdJTiBDRVJUSUZJQ0FURS0tLS0tCk1JSU9URENDRExTZ0F3SUJBZ0lSQUlRL0dBcUdnTU9QbzZ0SnNWUUJwTWN3RFFZSktvWklodmNOQVFFTEJRQXcKUmpFTE1Ba0dBMVVFQmhNQ1FWUXhGVEFUQmdOVkJBb1RERnBsY205VFUwd2dSMjFpU0RFZ01CNEdBMVVFQXhNWApXbVZ5YjFOVFRDQlNVMEVnUkZZZ1UxTk1JRU5CSURJd0hoY05Nall3TlRJNE1EQXdNREF3V2hjTk1qWXdPREkyCk1qTTFPVFU1V2pBbE1TTXdJUVlEVlFRREV4cHNiMk5oYkdodmMzUXViRzlqWVd4emRHRmpheTVqYkc5MVpEQ0MKQVNJd0RRWUpLb1pJaHZjTkFRRUJCUUFEZ2dFUEFEQ0NBUW9DZ2dFQkFNNG5jcW9raE5OQndRaFQ2YVJxanpIcgpFaHBtTVQvVnp4WnUwYm1ScnZvaVdmelJMOGtvY1VjSUhvbnUwWWRXei9iRHNhaXFncS9reWtLRld0WFlKcjBvCkUxay9YdmdBblBzazZIREUzRlhwSnpPTEtWZ2RzV3pwbHlpT29idm5NSS82clNLZGlEQ2grWnNGUXhhTEJkNDkKeG45Qm4vZnNTMUkxUmhHSVlOMW9zUGJmTFQ2TGN2QlR5bEgwcEVGT1VwL1B5OTFITmxzbC94UTFoek5MVzcreAoyN1RrQ2hDUFdKa1FrSWx2SEJJeHdvTEpEa3duOEZqWHJ0K0NUSG1GQUxNdEdMczdUaW5jUGt0NHRWdld6QVkwCmpPYUJWRmYrVTdTeUFyUnl3bkkxeFVHNTFVS2RXZUxaSm1HbVNwdnF5d3lYckt2WjFkSHVjZnpqMnVTcnY4MEMKQXdFQUFhT0NDdFF3Z2dyUU1COEdBMVVkSXdRWU1CYUFGRXUrK25hRUkwUUV1YzYrTVcvcDlUSUcvd3hYTUIwRwpBMVVkRGdRV0JCVDNwUWRJT1Yzc1NwRVh2dDhjOE5PNk9FYnRrVEFPQmdOVkhROEJBZjhFQkFNQ0JhQXdEQVlEClZSMFRBUUgvQkFJd0FEQVRCZ05WSFNVRUREQUtCZ2dyQmdFRkJRY0RBVEFUQmdOVkhTQUVEREFLTUFnR0JtZUIKREFFQ0FUQnVCZ2dyQmdFRkJRY0JBUVJpTUdBd09RWUlLd1lCQlFVSE1BS0dMV2gwZEhBNkx5OWpjblF1YzJWagpkR2xuYnk1amIyMHZXbVZ5YjFOVFRGSlRRVVJXVTFOTVEwRXlMbU55ZERBakJnZ3JCZ0VGQlFjd0FZWVhhSFIwCmNEb3ZMMjlqYzNBdWMyVmpkR2xuYnk1amIyMHdnZ0VFQmdvckJnRUVBZFo1QWdRQ0JJSDFCSUh5QVBBQWRnRFgKYlgwUTBhZjFkOExINlYvWEFMLzVnc2t6V21YaDBMTUJjeGZBeU1WcGR3QUFBWjV3V0d4Q0FBQUVBd0JITUVVQwpJQVFndmVsVm81K3RpTkZVck9TOTI1bDJLTTZuQmV4aTNRL1ByQ3M2WngxeEFpRUE2VS9WaDhEWDVsZDFUK0FKClhKTUNxT3poT1dzV3RnRGlWQ2NiS3VaTGszNEFkZ0RJbzhSL3g3T3R1VFZyQVQ5cWVoSnQ0enBPUTZYR1J2bVgKclRsMW1SM1BtZ0FBQVo1d1dHeUVBQUFFQXdCSE1FVUNJRjhTVnRJdXM1VWpmQklKWW9Ocm1nY25EVDVKQmZyTQpLdGg4c1NMRVpwb1NBaUVBeVNONEFSb0Ezd3R5aithMVlYcGJFcTc2R1pxSFdtbWNrV2JjSHIzNXNrUXdnZ2pNCkJnTlZIUkVFZ2dqRE1JSUl2NElhYkc5allXeG9iM04wTG14dlkyRnNjM1JoWTJzdVkyeHZkV1NDSmlvdVlXTmgKTG1GNmRYSmxMbXh2WTJGc2FHOXpkQzVzYjJOaGJITjBZV05yTG1Oc2IzVmtnaVlxTG1GcllTNWhlblZ5WlM1cwpiMk5oYkdodmMzUXViRzlqWVd4emRHRmpheTVqYkc5MVpJSW5LaTVoYlhCc2FXWjVZWEJ3TG14dlkyRnNhRzl6CmRDNXNiMk5oYkhOMFlXTnJMbU5zYjNWa2dpSXFMbUY2ZFhKbExteHZZMkZzYUc5emRDNXNiMk5oYkhOMFlXTnIKTG1Oc2IzVmtnaW9xTG1GNmRYSmxZM0l1WVhwMWNtVXViRzlqWVd4b2IzTjBMbXh2WTJGc2MzUmhZMnN1WTJ4dgpkV1NDTUNvdVlYcDFjbVYzWldKemFYUmxjeTVoZW5WeVpTNXNiMk5oYkdodmMzUXViRzlqWVd4emRHRmpheTVqCmJHOTFaSUlzS2k1aWJHOWlMbU52Y21VdVlYcDFjbVV1Ykc5allXeG9iM04wTG14dlkyRnNjM1JoWTJzdVkyeHYKZFdTQ0p5b3VZMnh2ZFdSbWNtOXVkQzVzYjJOaGJHaHZjM1F1Ykc5allXeHpkR0ZqYXk1amJHOTFaSUl4S2k1awphM0l1WldOeUxtVjFMV05sYm5SeVlXd3RNUzVzYjJOaGJHaHZjM1F1Ykc5allXeHpkR0ZqYXk1amJHOTFaSUl1CktpNWthM0l1WldOeUxtVjFMWGRsYzNRdE1TNXNiMk5oYkdodmMzUXViRzlqWVd4emRHRmpheTVqYkc5MVpJSXUKS2k1a2EzSXVaV055TG5WekxXVmhjM1F0TVM1c2IyTmhiR2h2YzNRdWJHOWpZV3h6ZEdGamF5NWpiRzkxWklJdQpLaTVrYTNJdVpXTnlMblZ6TFdWaGMzUXRNaTVzYjJOaGJHaHZjM1F1Ykc5allXeHpkR0ZqYXk1amJHOTFaSUl1CktpNWthM0l1WldOeUxuVnpMWGRsYzNRdE1TNXNiMk5oYkdodmMzUXViRzlqWVd4emRHRmpheTVqYkc5MVpJSXUKS2k1a2EzSXVaV055TG5WekxYZGxjM1F0TWk1c2IyTmhiR2h2YzNRdWJHOWpZV3h6ZEdGamF5NWpiRzkxWklJZwpLaTVsYkdJdWJHOWpZV3hvYjNOMExteHZZMkZzYzNSaFkyc3VZMnh2ZFdTQ05Db3VaWFV0WTJWdWRISmhiQzB4CkxtOXdaVzV6WldGeVkyZ3ViRzlqWVd4b2IzTjBMbXh2WTJGc2MzUmhZMnN1WTJ4dmRXU0NNU291WlhVdGQyVnoKZEMweExtOXdaVzV6WldGeVkyZ3ViRzlqWVd4b2IzTjBMbXh2WTJGc2MzUmhZMnN1WTJ4dmRXU0NLQ291WlhobApZM1YwWlMxaGNHa3ViRzlqWVd4b2IzTjBMbXh2WTJGc2MzUmhZMnN1WTJ4dmRXU0NMQ291Wm1sc1pTNWpiM0psCkxtRjZkWEpsTG14dlkyRnNhRzl6ZEM1c2IyTmhiSE4wWVdOckxtTnNiM1ZrZ2pRcUxteGhiV0prWVMxMWNtd3UKWlhVdFkyVnVkSEpoYkMweExteHZZMkZzYUc5emRDNXNiMk5oYkhOMFlXTnJMbU5zYjNWa2dqRXFMbXhoYldKawpZUzExY213dVpYVXRkMlZ6ZEMweExteHZZMkZzYUc5emRDNXNiMk5oYkhOMFlXTnJMbU5zYjNWa2dqRXFMbXhoCmJXSmtZUzExY213dWRYTXRaV0Z6ZEMweExteHZZMkZzYUc5emRDNXNiMk5oYkhOMFlXTnJMbU5zYjNWa2dqRXEKTG14aGJXSmtZUzExY213dWRYTXRaV0Z6ZEMweUxteHZZMkZzYUc5emRDNXNiMk5oYkhOMFlXTnJMbU5zYjNWawpnakVxTG14aGJXSmtZUzExY213dWRYTXRkMlZ6ZEMweExteHZZMkZzYUc5emRDNXNiMk5oYkhOMFlXTnJMbU5zCmIzVmtnakVxTG14aGJXSmtZUzExY213dWRYTXRkMlZ6ZEMweUxteHZZMkZzYUc5emRDNXNiMk5oYkhOMFlXTnIKTG1Oc2IzVmtnaHdxTG14dlkyRnNhRzl6ZEM1c2IyTmhiSE4wWVdOckxtTnNiM1ZrZ2lncUxtMTVjM0ZzTG1GNgpkWEpsTG14dlkyRnNhRzl6ZEM1c2IyTmhiSE4wWVdOckxtTnNiM1ZrZ2ljcUxtOXdaVzV6WldGeVkyZ3ViRzlqCllXeG9iM04wTG14dlkyRnNjM1JoWTJzdVkyeHZkV1NDTFNvdWNHOXpkR2R5WlhOeGJDNWhlblZ5WlM1c2IyTmgKYkdodmMzUXViRzlqWVd4emRHRmpheTVqYkc5MVpJSXRLaTV4ZFdWMVpTNWpiM0psTG1GNmRYSmxMbXh2WTJGcwphRzl6ZEM1c2IyTmhiSE4wWVdOckxtTnNiM1ZrZ2lncUxuSmxaR2x6TG1GNmRYSmxMbXh2WTJGc2FHOXpkQzVzCmIyTmhiSE4wWVdOckxtTnNiM1ZrZ2ljcUxuTXpMWGRsWW5OcGRHVXViRzlqWVd4b2IzTjBMbXh2WTJGc2MzUmgKWTJzdVkyeHZkV1NDSHlvdWN6TXViRzlqWVd4b2IzTjBMbXh2WTJGc2MzUmhZMnN1WTJ4dmRXU0NOQ291YzJOdApMbUY2ZFhKbGQyVmljMmwwWlhNdVlYcDFjbVV1Ykc5allXeG9iM04wTG14dlkyRnNjM1JoWTJzdVkyeHZkV1NDCklDb3VjMk50TG14dlkyRnNhRzl6ZEM1c2IyTmhiSE4wWVdOckxtTnNiM1ZrZ2kwcUxuTmxjblpwWTJWaWRYTXUKWVhwMWNtVXViRzlqWVd4b2IzTjBMbXh2WTJGc2MzUmhZMnN1WTJ4dmRXU0NKaW91YzI1dmQyWnNZV3RsTG14dgpZMkZzYUc5emRDNXNiMk5oYkhOMFlXTnJMbU5zYjNWa2dpMHFMblJoWW14bExtTnZjbVV1WVhwMWNtVXViRzlqCllXeG9iM04wTG14dlkyRnNjM1JoWTJzdVkyeHZkV1NDTVNvdWRYTXRaV0Z6ZEMweExtOXdaVzV6WldGeVkyZ3UKYkc5allXeG9iM04wTG14dlkyRnNjM1JoWTJzdVkyeHZkV1NDTVNvdWRYTXRaV0Z6ZEMweUxtOXdaVzV6WldGeQpZMmd1Ykc5allXeG9iM04wTG14dlkyRnNjM1JoWTJzdVkyeHZkV1NDTVNvdWRYTXRkMlZ6ZEMweExtOXdaVzV6ClpXRnlZMmd1Ykc5allXeG9iM04wTG14dlkyRnNjM1JoWTJzdVkyeHZkV1NDTVNvdWRYTXRkMlZ6ZEMweUxtOXcKWlc1elpXRnlZMmd1Ykc5allXeG9iM04wTG14dlkyRnNjM1JoWTJzdVkyeHZkV1NDS0NvdWRtRjFiSFF1WVhwMQpjbVV1Ykc5allXeG9iM04wTG14dlkyRnNjM1JoWTJzdVkyeHZkV1NDSzNOeGN5NWxkUzFqWlc1MGNtRnNMVEV1CmJHOWpZV3hvYjNOMExteHZZMkZzYzNSaFkyc3VZMnh2ZFdTQ0tITnhjeTVsZFMxM1pYTjBMVEV1Ykc5allXeG8KYjNOMExteHZZMkZzYzNSaFkyc3VZMnh2ZFdTQ0tITnhjeTUxY3kxbFlYTjBMVEV1Ykc5allXeG9iM04wTG14dgpZMkZzYzNSaFkyc3VZMnh2ZFdTQ0tITnhjeTUxY3kxbFlYTjBMVEl1Ykc5allXeG9iM04wTG14dlkyRnNjM1JoClkyc3VZMnh2ZFdTQ0tITnhjeTUxY3kxM1pYTjBMVEV1Ykc5allXeG9iM04wTG14dlkyRnNjM1JoWTJzdVkyeHYKZFdTQ0tITnhjeTUxY3kxM1pYTjBMVEl1Ykc5allXeG9iM04wTG14dlkyRnNjM1JoWTJzdVkyeHZkV1F3RFFZSgpLb1pJaHZjTkFRRUxCUUFEZ2dHQkFEdkdHNDc0WHpNSk9haVUvdHU5bVkwaW1ZV3V6aHFWa0tBTWJjVER4dEhSCjdoSDJYNG9ZT1lIUU5HOWlURlJEY1lkdklDYTdZa0JQUWRFZFpBNnRKU3BPNVR4QWZKcE14ekl6eDJYS0tiYXMKZFA3bU16Y1JoaE13RHIwQ3BONWhkQkZuek9JV1Q4MW4zSVR3ZG0yUG5sRVREL0FnRnRiZmo1QnhyeE5iRnpTWQpwc2lhaVFDbFdBSU04MmE1aXkxb1JEekszSzFYbzhhTm92WEZJU01JNWNCMHBodDdUbHRucmZveHJ2N01CSk13CmRMQlBtcHVrNUIzeGxINlVreE9NZ1JBTlVYdmNtMHhGQUo5MC96djlLSUw1QVJOL2QzaSt0bnpTZms2ZlJwK3oKV1QyMXF3UHdrN2NWek9ZZncwK0F5Tk5pSEtqQWd3UStqa0I3ajZidVdlUmlidW8xVm9OR05vd3R6ZWhRVHpyWQpHOUpGQ0llaWtscnB6eU5TOUJyUG15QnArY2w5SGhXRXJha1Fhd0ROalJqNHladTh5OGN1NFlnTUpaUjhvM2NaCllWWTF2ZFFFUVhHL0FodzA3WmszVkFhWXI4OEdFZU1xYzRPYlpvRXQxNFY2cXdidS9qdEJNckYxaDl6c0ZnSngKY0p3VWVCTDdyUWMzbFNsYVBONFo0UT09Ci0tLS0tRU5EIENFUlRJRklDQVRFLS0tLS0KLS0tLS1CRUdJTiBDRVJUSUZJQ0FURS0tLS0tCk1JSUdJVENDQkFtZ0F3SUJBZ0lSQU5DcENDVmZqbERsOHpsdEVSUndLamN3RFFZSktvWklodmNOQVFFTUJRQXcKWHpFTE1Ba0dBMVVFQmhNQ1IwSXhHREFXQmdOVkJBb1REMU5sWTNScFoyOGdUR2x0YVhSbFpERTJNRFFHQTFVRQpBeE10VTJWamRHbG5ieUJRZFdKc2FXTWdVMlZ5ZG1WeUlFRjFkR2hsYm5ScFkyRjBhVzl1SUZKdmIzUWdValEyCk1CNFhEVEkxTURreU5EQXdNREF3TUZvWERUTTFNRGt5TXpJek5UazFPVm93UmpFTE1Ba0dBMVVFQmhNQ1FWUXgKRlRBVEJnTlZCQW9UREZwbGNtOVRVMHdnUjIxaVNERWdNQjRHQTFVRUF4TVhXbVZ5YjFOVFRDQlNVMEVnUkZZZwpVMU5NSUVOQklESXdnZ0dpTUEwR0NTcUdTSWIzRFFFQkFRVUFBNElCandBd2dnR0tBb0lCZ1FDblhYM1FtL0crCnVqeWx2WUlraEo1M1paN1hNMDN2WFkwM3NDbk85Vldqd01zVjBxQ1FNbHZodVJpSndybTRNNWpnR2VoeElpQ1IKMXFUMEF5TDJySFRXSlIwN3ZqSnp1Tm1wN3VvS3UzSEt3aXhCazlRdVhENWFsaU84L0VEYnpkWkRjRy9IbTVwQwptT2V1c0x0ZHMvVUUvSXEyNG53NVdwY2daRTVMeStGL3lDWUR1RWE3aFhMSkFQTTVTZWNKSWJsRzFPUTN1a01sCkhITkJiRHhCcEdXVHlEdWRkMERUZWQwTlRnQ1BzMXQ4UlpQaFc5R3QvOG5Ed0ZYMHBRNGVIZlBFQjhjNmVObDIKc1JyMkFmcDFZRXJha1IrNTN5RVgyU1hjMkt6MGZiVGxVYytUbzBVTEdjSmlXTnlad2ovL0RUWitNNHh4c1QyVApxalE0WGZ2bTJFVVR5bXJYRHJoMVBtL3drQm91dTg2MGM2ZWVRZk5sS2xjY1V5SE9TZUtDdFBJV3JlTXZIM0JlCllkZXUzRHdJOGxlZm4vVlVoU0IyQmJ6N2hYM3F6M29NbXRTVG1XaFRub2J5S2x4MUwyYi9vbG9hcXB5MWNCYy8KUWlMUlNPcHRZR1BqWnRYMHBSclRWS1FYZVAyclBVazB5NXEvNDBXUnB1Z1NsSENYNmFjZVduc0NBd0VBQWFPQwpBVzh3Z2dGck1COEdBMVVkSXdRWU1CYUFGRlp6V0dTVitaSWFzQklxQkdKNW9VQVZpQ0ZKTUIwR0ExVWREZ1FXCkJCUkx2dnAyaENORUJMbk92akZ2NmZVeUJ2OE1WekFPQmdOVkhROEJBZjhFQkFNQ0FZWXdFZ1lEVlIwVEFRSC8KQkFnd0JnRUIvd0lCQURBVEJnTlZIU1VFRERBS0JnZ3JCZ0VGQlFjREFUQVRCZ05WSFNBRUREQUtNQWdHQm1lQgpEQUVDQVRCVUJnTlZIUjhFVFRCTE1FbWdSNkJGaGtOb2RIUndPaTh2WTNKc0xuTmxZM1JwWjI4dVkyOXRMMU5sClkzUnBaMjlRZFdKc2FXTlRaWEoyWlhKQmRYUm9aVzUwYVdOaGRHbHZibEp2YjNSU05EWXVZM0pzTUlHRUJnZ3IKQmdFRkJRY0JBUVI0TUhZd1R3WUlLd1lCQlFVSE1BS0dRMmgwZEhBNkx5OWpjblF1YzJWamRHbG5ieTVqYjIwdgpVMlZqZEdsbmIxQjFZbXhwWTFObGNuWmxja0YxZEdobGJuUnBZMkYwYVc5dVVtOXZkRkkwTmk1d04yTXdJd1lJCkt3WUJCUVVITUFHR0YyaDBkSEE2THk5dlkzTndMbk5sWTNScFoyOHVZMjl0TUEwR0NTcUdTSWIzRFFFQkRBVUEKQTRJQ0FRQ0ovM3YyL3ZkZXhIc2RWeVhMOWFDVFFFMDFZWGwyMzg2NlRWTS9MZ1JwUlcra25lWlhYWnhQMGh5NApHbnZscVVjeFRxOTdCNnFQZFFjUXhReHBHbmU3Q1JuMG5XYXV6cWllTWNKellsM2ZEQzJRL0FOeVBoeXJid0NJCnp4OUVzUnJnZmp2dUpDYVVNdGxmWXBLcUJVWWlQT0NQQU4wSGRyTEQ1aFU2b1YxdHZXVnNVelRBNDNza0MzdUgKd1FNNVlQSWswTkRKRnczTmhRUE9JT3dicTA5VCtTWVNFWnZzSjN0NHNBNEgzZ2gwM1JFVE5hQXdUY1ROUy8rdQoxdEFlUVVaWm1LUXlMV1lMeW94dmJJU3AvTUZyOXhxaERxcnBBdXJZVk5laUxKNSs0L1daUG1sMjB5TlpqY3hWCktLcVJZZEV1cmw4cm1JMnRvQ25DRFdpRWNURHZvWUd0ejYwZVlJdDdWSklENERyQ2pUeEFXVFdoMlQ1YWcycEsKcnlOSkd0OEJGR0x0amVENzc0U3hBRm41TUdZQlZ2RUs0TFhtQ2pWWDc4cGI2LzBEY2VvNzFkbFFVSzY4eWZ0YgoreVRleW9xandnazJMOHZOU3JrajZVVGt2dnFYU09ORnVWVTdidkMwTy85Ymk1TVhCdjdRVWl2TU54RHNUdGFUCklaTzdQc1NDUm1McmFRTTJFUEJnYk5MOWxSU0VZaTRIaitOaWNUL2U4N3BiaHY4OGswb2VjOXhHY25rY3ZacE4Kc0pCejc4bWtaZmVGSUlqaDAyZTJ5OWtlL0ZxdzFGYmRoSHRVMm15YUZuWDBzUnlHTG1JL3Z6WFN3eXZUK0t4bApXeDhGVjY0ejJQQmR3ZDB2WFJhQU1Yb21HQzBNMXZRYTVmQkRuNGRpbXpld3NTaXBoUT09Ci0tLS0tRU5EIENFUlRJRklDQVRFLS0tLS0KLS0tLS1CRUdJTiBDRVJUSUZJQ0FURS0tLS0tCk1JSUdsVENDQkgyZ0F3SUJBZ0lSQU5KL3U4SGVOWjVTRnExaFNWaGdtY1F3RFFZSktvWklodmNOQVFFTUJRQXcKZ1lneEN6QUpCZ05WQkFZVEFsVlRNUk13RVFZRFZRUUlFd3BPWlhjZ1NtVnljMlY1TVJRd0VnWURWUVFIRXd0SwpaWEp6WlhrZ1EybDBlVEVlTUJ3R0ExVUVDaE1WVkdobElGVlRSVkpVVWxWVFZDQk9aWFIzYjNKck1TNHdMQVlEClZRUURFeVZWVTBWU1ZISjFjM1FnVWxOQklFTmxjblJwWm1sallYUnBiMjRnUVhWMGFHOXlhWFI1TUI0WERUSXgKTURNeU1qQXdNREF3TUZvWERUTTRNREV4T0RJek5UazFPVm93WHpFTE1Ba0dBMVVFQmhNQ1IwSXhHREFXQmdOVgpCQW9URDFObFkzUnBaMjhnVEdsdGFYUmxaREUyTURRR0ExVUVBeE10VTJWamRHbG5ieUJRZFdKc2FXTWdVMlZ5CmRtVnlJRUYxZEdobGJuUnBZMkYwYVc5dUlGSnZiM1FnVWpRMk1JSUNJakFOQmdrcWhraUc5dzBCQVFFRkFBT0MKQWc4QU1JSUNDZ0tDQWdFQWs3N1ZObEoxMkFFam9CeEhRa251WTdhM0lmM0VsZFZJS3laOEZGTVEybm45SzdjdApwTlFzK3VveTNVbkN1YjBQU0QxN1dwaFVyNTVkTVhSUEIveFFJZDJrejJoUEd4SmpiU1daVENxWjgwZ3dZZnFCCmZCNm5DRXJjUGlzY0h4aE1jYW8xakszNGJ1ZzdTdG5sbEFMV2lZUVRxbTNJVHpQTVVKWTNralBjWDRqbm4xVFoKU1BDWVE5Wm0vWjhYT0VQRkFWRUwxK01qRHhSZFd4VG5TNzdkOU1qYUF6ZlIxam1oSVZFd2c3QnQxekJPbGx1Ugo4SEFrcTc5RmdXUkREYjBoT2k4ODZaNE55eUMxUWlmTTJtK2I3bVF3a0RuTmsyV0JJVEcxSTFBek55TGpPTzM0Ck1URE1SZjVpK2RGZE1ubENoOTlxekZZWlFFM09xcnY1dFhaSmxQRW4rSkdsZytVR3MyTU9nTnpnRWxXQXBqdG0KdERtSExjancwTkVVNmVRTlRRNzJYVmR5eFRzY1IxYWQ0dFg3Z1dHTXpFMkFrRFJidDljVWRkellCRWlmd01FbwppTFRwSE1xbnNmRld0M3RKVEZubElCV29oQUlwK2ppVWFacEpCby9OSDNrVUZ4SU1nM3JlSDdHWDd2bVhlQ2lrCnlFU1M2WDBtQmFaWWNwdDVFOWdSWDY3Rk9HSTBhTEtHTUk3NGtHR2VNbXoxQnpiTm9reHU3SW8yN2ZMbW1SVkUKY01OOHZKdzV3TFRoYS9lREpTTlgyUktBNVVud2RRL3ZqZXNjbTFRb3RDRTgvSHdLLys5N2EzWC9peDJnR1FXcgordmdyZ1VMb09McTcrNnI5UGVEenl0OU9sNWNwN2ZNWVZ1bWxscXk5dzVDWXN1RDVvdFNtUjBOOGJjOENBd0VBCkFhT0NBU0F3Z2dFY01COEdBMVVkSXdRWU1CYUFGRk41djFxcUswclBWSURoMkp2QW5mS3lBMmJMTUIwR0ExVWQKRGdRV0JCUldjMWhrbGZtU0dyQVNLZ1JpZWFGQUZZZ2hTVEFPQmdOVkhROEJBZjhFQkFNQ0FZWXdEd1lEVlIwVApBUUgvQkFVd0F3RUIvekFkQmdOVkhTVUVGakFVQmdnckJnRUZCUWNEQVFZSUt3WUJCUVVIQXdJd0VRWURWUjBnCkJBb3dDREFHQmdSVkhTQUFNRkFHQTFVZEh3UkpNRWN3UmFCRG9FR0dQMmgwZEhBNkx5OWpjbXd1ZFhObGNuUnkKZFhOMExtTnZiUzlWVTBWU1ZISjFjM1JTVTBGRFpYSjBhV1pwWTJGMGFXOXVRWFYwYUc5eWFYUjVMbU55YkRBMQpCZ2dyQmdFRkJRY0JBUVFwTUNjd0pRWUlLd1lCQlFVSE1BR0dHV2gwZEhBNkx5OXZZM053TG5WelpYSjBjblZ6CmRDNWpiMjB3RFFZSktvWklodmNOQVFFTUJRQURnZ0lCQURwdkJJbHE3Yk1VMGNGRFQvOVA5K0JzZ0NrUmdRczAKUzZCZjd2SlNsV01Id2J5MFZHdnhDUzBocmJpMEsyQklOWmJFYnNWc2dwUXEwNDQzMXl5b1ZuM0hsZG9yZ3EyNApSbGRSRE9PaXBFWkRURkI5d0M5SFl0MXRoSEYwMFhlRzJDOEtDMXBsd29FektBSWhQdmVmSS9DM2NUMENmVFhKCnVGalViS0lnU3dqTmp3NllIdExnb3kvaGQ1K0pMVWxMY28vZ3pGWC9xV2JUN3RFcXVPTVlwc05LV1pqOFRMcVAKcTZ6TWlHNE5hNmZlRVp0ZTZZUFhHck1XbFRXTjM0MXZEZWRjK3l4UXFTdWc3OUhKVVFjT1pzN0t5RFd6dG1hZQpReHNQRTQ5VVYvOFh3cmZadFphWXlyczRGcEQ5NFo0UThkelhHTDgrcUVKanhnY3phN1c2UFJPYUNsdWJhdmQxClZLUG04K2FDVzc3dTdTeHBSMlRGR0w2a1BkeHNLeUZpanBjdW5SNVY3OXNVeVJPZk5kempyQWNGV1pYSzhzYmIKOUZsbnd1Vkc2NzdKTHYrWlZUWDVBeEx2VzVPQjR6dDV1Uyt6QjYyd0ovV3YralhHQXR0U0FjSmVjNGlGZ0NXSApSdmRpL2pKb1N6UkxhM25Feng2cEZJemNsU0NuaDB1MXhDZUxjVUJ5cFNpUGdhOFcrNlBrdW95UXE4VTlxczlFCm94RzVOdnJ2bHlzaHdVUzl5dmNaUkd3N0xqbHg0akpIL0JoSVBSOGtJQkNRajF2bmE5VHppWk9ydzFPZjhoRFUKYkhLRkc5UG04RHAydmJqei8ySkgzOXF2eHNoUEtWbGxHZnErNWtsUG03eVpSVVlUaUNNQWJxd05kTC9uc3FGMgpSbm55cDU4WFJTdEoKLS0tLS1FTkQgQ0VSVElGSUNBVEUtLS0tLQ=="
              }
            ],
            "cluster_id": null,
            "compute_config": [],
            "created_at": "2026-07-12T12:38:06Z",
            "enabled_cluster_log_types": null,
            "encryption_config": [],
            "endpoint": "https://localhost.localstack.cloud:4510",
            "force_update_version": null,
            "id": "resilientcommerce-eks",
            "identity": [
              {
                "oidc": [
                  {
                    "issuer": "https://localhost.localstack.cloud:4510"
                  }
                ]
              }
            ],
            "kubernetes_network_config": [
              {
                "elastic_load_balancing": [
                  {
                    "enabled": false
                  }
                ],
                "ip_family": "ipv4",
                "service_ipv4_cidr": "10.100.0.0/16",
                "service_ipv6_cidr": ""
              }
            ],
            "name": "resilientcommerce-eks",
            "outpost_config": [],
            "platform_version": "eks.13",
            "remote_network_config": [],
            "role_arn": "arn:aws:iam::000000000000:role/resilientcommerce-eks-cluster-role",
            "status": "ACTIVE",
            "storage_config": [],
            "tags": null,
            "tags_all": {},
            "timeouts": null,
            "upgrade_policy": [
              {
                "support_type": "EXTENDED"
              }
            ],
            "version": "1.35",
            "vpc_config": [
              {
                "cluster_security_group_id": "sg-33b457d9d3c92735c",
                "endpoint_private_access": false,
                "endpoint_public_access": true,
                "public_access_cidrs": [
                  "0.0.0.0/0"
                ],
                "security_group_ids": null,
                "subnet_ids": [
                  "subnet-12c2f979dbf47ba0e",
                  "subnet-19e733e65ca6f48f0",
                  "subnet-bb020be94bc6ce3e8",
                  "subnet-dd87f198eb4b40067"
                ],
                "vpc_id": "vpc-c888f00a7de3c4172"
              }
            ],
            "zonal_shift_config": []
          },
          "sensitive_attributes": [],
          "identity_schema_version": 0,
          "private": "eyJlMmJmYjczMC1lY2FhLTExZTYtOGY4OC0zNDM2M2JjN2M0YzAiOnsiY3JlYXRlIjoxODAwMDAwMDAwMDAwLCJkZWxldGUiOjkwMDAwMDAwMDAwMCwidXBkYXRlIjozNjAwMDAwMDAwMDAwfSwic2NoZW1hX3ZlcnNpb24iOiIxIn0=",
          "dependencies": [
            "aws_iam_role.eks_cluster",
            "aws_iam_role_policy_attachment.eks_cluster_policy",
            "aws_subnet.private",
            "aws_subnet.public",
            "aws_vpc.main"
          ]
        }
      ]
    },
    {
      "mode": "managed",
      "type": "aws_iam_role",
      "name": "eks_cluster",
      "provider": "provider[\"registry.terraform.io/hashicorp/aws\"]",
      "instances": [
        {
          "schema_version": 0,
          "attributes": {
            "arn": "arn:aws:iam::000000000000:role/resilientcommerce-eks-cluster-role",
            "assume_role_policy": "{\"Statement\":[{\"Action\":\"sts:AssumeRole\",\"Effect\":\"Allow\",\"Principal\":{\"Service\":\"eks.amazonaws.com\"}}],\"Version\":\"2012-10-17\"}",
            "create_date": "2026-07-12T12:36:19Z",
            "description": "",
            "force_detach_policies": false,
            "id": "resilientcommerce-eks-cluster-role",
            "inline_policy": [],
            "managed_policy_arns": [],
            "max_session_duration": 3600,
            "name": "resilientcommerce-eks-cluster-role",
            "name_prefix": "",
            "path": "/",
            "permissions_boundary": "",
            "tags": null,
            "tags_all": {},
            "unique_id": "AROAQAAAAAAAD53K75OSS"
          },
          "sensitive_attributes": [],
          "identity_schema_version": 0,
          "private": "bnVsbA=="
        }
      ]
    },
    {
      "mode": "managed",
      "type": "aws_iam_role_policy_attachment",
      "name": "eks_cluster_policy",
      "provider": "provider[\"registry.terraform.io/hashicorp/aws\"]",
      "instances": [
        {
          "schema_version": 0,
          "attributes": {
            "id": "resilientcommerce-eks-cluster-role-20260712123619972700000001",
            "policy_arn": "arn:aws:iam::aws:policy/AmazonEKSClusterPolicy",
            "role": "resilientcommerce-eks-cluster-role"
          },
          "sensitive_attributes": [],
          "identity_schema_version": 0,
          "private": "bnVsbA==",
          "dependencies": [
            "aws_iam_role.eks_cluster"
          ]
        }
      ]
    },
    {
      "mode": "managed",
      "type": "aws_internet_gateway",
      "name": "main",
      "provider": "provider[\"registry.terraform.io/hashicorp/aws\"]",
      "instances": [
        {
          "schema_version": 0,
          "attributes": {
            "arn": "arn:aws:ec2:us-east-1:000000000000:internet-gateway/igw-16bf84c834a04b3a9",
            "id": "igw-16bf84c834a04b3a9",
            "owner_id": "000000000000",
            "tags": {
              "Name": "resilientcommerce-igw"
            },
            "tags_all": {
              "Name": "resilientcommerce-igw"
            },
            "timeouts": null,
            "vpc_id": "vpc-c888f00a7de3c4172"
          },
          "sensitive_attributes": [],
          "identity_schema_version": 0,
          "private": "eyJlMmJmYjczMC1lY2FhLTExZTYtOGY4OC0zNDM2M2JjN2M0YzAiOnsiY3JlYXRlIjoxMjAwMDAwMDAwMDAwLCJkZWxldGUiOjEyMDAwMDAwMDAwMDAsInVwZGF0ZSI6MTIwMDAwMDAwMDAwMH19",
          "dependencies": [
            "aws_vpc.main"
          ]
        }
      ]
    },
    {
      "mode": "managed",
      "type": "aws_lb",
      "name": "main",
      "provider": "provider[\"registry.terraform.io/hashicorp/aws\"]",
      "instances": [
        {
          "schema_version": 0,
          "attributes": {
            "access_logs": [
              {
                "bucket": "",
                "enabled": false,
                "prefix": ""
              }
            ],
            "arn": "arn:aws:elasticloadbalancing:us-east-1:000000000000:loadbalancer/app/resilientcommerce-alb/3b3255c0187e9488",
            "arn_suffix": "app/resilientcommerce-alb/3b3255c0187e9488",
            "client_keep_alive": 3600,
            "connection_logs": [
              {
                "bucket": "",
                "enabled": false,
                "prefix": ""
              }
            ],
            "customer_owned_ipv4_pool": "",
            "desync_mitigation_mode": "defensive",
            "dns_name": "resilientcommerce-alb.elb.localhost.localstack.cloud",
            "dns_record_client_routing_policy": null,
            "drop_invalid_header_fields": false,
            "enable_cross_zone_load_balancing": false,
            "enable_deletion_protection": false,
            "enable_http2": true,
            "enable_tls_version_and_cipher_suite_headers": false,
            "enable_waf_fail_open": false,
            "enable_xff_client_port": false,
            "enable_zonal_shift": false,
            "enforce_security_group_inbound_rules_on_private_link_traffic": "",
            "id": "arn:aws:elasticloadbalancing:us-east-1:000000000000:loadbalancer/app/resilientcommerce-alb/3b3255c0187e9488",
            "idle_timeout": 60,
            "internal": false,
            "ip_address_type": "ipv4",
            "ipam_pools": [],
            "load_balancer_type": "application",
            "minimum_load_balancer_capacity": [],
            "name": "resilientcommerce-alb",
            "name_prefix": "",
            "preserve_host_header": false,
            "security_groups": [
              "sg-01a67a6d12ceb2032"
            ],
            "subnet_mapping": [
              {
                "allocation_id": "",
                "ipv6_address": "",
                "outpost_id": "",
                "private_ipv4_address": "",
                "subnet_id": "subnet-bb020be94bc6ce3e8"
              },
              {
                "allocation_id": "",
                "ipv6_address": "",
                "outpost_id": "",
                "private_ipv4_address": "",
                "subnet_id": "subnet-dd87f198eb4b40067"
              }
            ],
            "subnets": [
              "subnet-bb020be94bc6ce3e8",
              "subnet-dd87f198eb4b40067"
            ],
            "tags": {
              "Name": "resilientcommerce-alb"
            },
            "tags_all": {
              "Name": "resilientcommerce-alb"
            },
            "timeouts": null,
            "vpc_id": "vpc-c888f00a7de3c4172",
            "xff_header_processing_mode": "append",
            "zone_id": "Z2P70J7EXAMPLE"
          },
          "sensitive_attributes": [],
          "identity_schema_version": 0,
          "private": "eyJlMmJmYjczMC1lY2FhLTExZTYtOGY4OC0zNDM2M2JjN2M0YzAiOnsiY3JlYXRlIjo2MDAwMDAwMDAwMDAsImRlbGV0ZSI6NjAwMDAwMDAwMDAwLCJ1cGRhdGUiOjYwMDAwMDAwMDAwMH19",
          "dependencies": [
            "aws_security_group.alb",
            "aws_subnet.public",
            "aws_vpc.main"
          ]
        }
      ]
    },
    {
      "mode": "managed",
      "type": "aws_nat_gateway",
      "name": "main",
      "provider": "provider[\"registry.terraform.io/hashicorp/aws\"]",
      "instances": [
        {
          "schema_version": 0,
          "attributes": {
            "allocation_id": "eipalloc-8692e912b4b4f524a",
            "association_id": "eipassoc-00e72dab2927f07a7",
            "connectivity_type": "public",
            "id": "nat-39ea15b62f26f6d36",
            "network_interface_id": "eni-1650056b11418be47",
            "private_ip": "10.230.61.75",
            "public_ip": "127.246.23.164",
            "secondary_allocation_ids": null,
            "secondary_private_ip_address_count": 0,
            "secondary_private_ip_addresses": [],
            "subnet_id": "subnet-dd87f198eb4b40067",
            "tags": {
              "Name": "resilientcommerce-nat"
            },
            "tags_all": {
              "Name": "resilientcommerce-nat"
            },
            "timeouts": null
          },
          "sensitive_attributes": [],
          "identity_schema_version": 0,
          "private": "eyJlMmJmYjczMC1lY2FhLTExZTYtOGY4OC0zNDM2M2JjN2M0YzAiOnsiY3JlYXRlIjo2MDAwMDAwMDAwMDAsImRlbGV0ZSI6MTgwMDAwMDAwMDAwMCwidXBkYXRlIjo2MDAwMDAwMDAwMDB9fQ==",
          "dependencies": [
            "aws_eip.nat",
            "aws_internet_gateway.main",
            "aws_subnet.public",
            "aws_vpc.main"
          ]
        }
      ]
    },
    {
      "mode": "managed",
      "type": "aws_route_table",
      "name": "private",
      "provider": "provider[\"registry.terraform.io/hashicorp/aws\"]",
      "instances": [
        {
          "schema_version": 0,
          "attributes": {
            "arn": "arn:aws:ec2:us-east-1:000000000000:route-table/rtb-a89c4ab2833527b62",
            "id": "rtb-a89c4ab2833527b62",
            "owner_id": "000000000000",
            "propagating_vgws": [],
            "route": [
              {
                "carrier_gateway_id": "",
                "cidr_block": "0.0.0.0/0",
                "core_network_arn": "",
                "destination_prefix_list_id": "",
                "egress_only_gateway_id": "",
                "gateway_id": "",
                "ipv6_cidr_block": "",
                "local_gateway_id": "",
                "nat_gateway_id": "nat-39ea15b62f26f6d36",
                "network_interface_id": "",
                "transit_gateway_id": "",
                "vpc_endpoint_id": "",
                "vpc_peering_connection_id": ""
              }
            ],
            "tags": {
              "Name": "resilientcommerce-private-rt"
            },
            "tags_all": {
              "Name": "resilientcommerce-private-rt"
            },
            "timeouts": null,
            "vpc_id": "vpc-c888f00a7de3c4172"
          },
          "sensitive_attributes": [],
          "identity_schema_version": 0,
          "private": "eyJlMmJmYjczMC1lY2FhLTExZTYtOGY4OC0zNDM2M2JjN2M0YzAiOnsiY3JlYXRlIjozMDAwMDAwMDAwMDAsImRlbGV0ZSI6MzAwMDAwMDAwMDAwLCJ1cGRhdGUiOjEyMDAwMDAwMDAwMH19",
          "dependencies": [
            "aws_eip.nat",
            "aws_internet_gateway.main",
            "aws_nat_gateway.main",
            "aws_subnet.public",
            "aws_vpc.main"
          ]
        }
      ]
    },
    {
      "mode": "managed",
      "type": "aws_route_table",
      "name": "public",
      "provider": "provider[\"registry.terraform.io/hashicorp/aws\"]",
      "instances": [
        {
          "schema_version": 0,
          "attributes": {
            "arn": "arn:aws:ec2:us-east-1:000000000000:route-table/rtb-67f7fc9e805843749",
            "id": "rtb-67f7fc9e805843749",
            "owner_id": "000000000000",
            "propagating_vgws": [],
            "route": [
              {
                "carrier_gateway_id": "",
                "cidr_block": "0.0.0.0/0",
                "core_network_arn": "",
                "destination_prefix_list_id": "",
                "egress_only_gateway_id": "",
                "gateway_id": "igw-16bf84c834a04b3a9",
                "ipv6_cidr_block": "",
                "local_gateway_id": "",
                "nat_gateway_id": "",
                "network_interface_id": "",
                "transit_gateway_id": "",
                "vpc_endpoint_id": "",
                "vpc_peering_connection_id": ""
              }
            ],
            "tags": {
              "Name": "resilientcommerce-public-rt"
            },
            "tags_all": {
              "Name": "resilientcommerce-public-rt"
            },
            "timeouts": null,
            "vpc_id": "vpc-c888f00a7de3c4172"
          },
          "sensitive_attributes": [],
          "identity_schema_version": 0,
          "private": "eyJlMmJmYjczMC1lY2FhLTExZTYtOGY4OC0zNDM2M2JjN2M0YzAiOnsiY3JlYXRlIjozMDAwMDAwMDAwMDAsImRlbGV0ZSI6MzAwMDAwMDAwMDAwLCJ1cGRhdGUiOjEyMDAwMDAwMDAwMH19",
          "dependencies": [
            "aws_internet_gateway.main",
            "aws_vpc.main"
          ]
        }
      ]
    },
    {
      "mode": "managed",
      "type": "aws_route_table_association",
      "name": "private",
      "provider": "provider[\"registry.terraform.io/hashicorp/aws\"]",
      "instances": [
        {
          "index_key": 0,
          "schema_version": 0,
          "attributes": {
            "gateway_id": "",
            "id": "rtbassoc-0d8ba6893ce54d8b2",
            "route_table_id": "rtb-a89c4ab2833527b62",
            "subnet_id": "subnet-19e733e65ca6f48f0",
            "timeouts": null
          },
          "sensitive_attributes": [],
          "identity_schema_version": 0,
          "private": "eyJlMmJmYjczMC1lY2FhLTExZTYtOGY4OC0zNDM2M2JjN2M0YzAiOnsiY3JlYXRlIjozMDAwMDAwMDAwMDAsImRlbGV0ZSI6MzAwMDAwMDAwMDAwLCJ1cGRhdGUiOjEyMDAwMDAwMDAwMH19",
          "dependencies": [
            "aws_eip.nat",
            "aws_internet_gateway.main",
            "aws_nat_gateway.main",
            "aws_route_table.private",
            "aws_subnet.private",
            "aws_subnet.public",
            "aws_vpc.main"
          ]
        },
        {
          "index_key": 1,
          "schema_version": 0,
          "attributes": {
            "gateway_id": "",
            "id": "rtbassoc-b4deaa83bc3e86a24",
            "route_table_id": "rtb-a89c4ab2833527b62",
            "subnet_id": "subnet-12c2f979dbf47ba0e",
            "timeouts": null
          },
          "sensitive_attributes": [],
          "identity_schema_version": 0,
          "private": "eyJlMmJmYjczMC1lY2FhLTExZTYtOGY4OC0zNDM2M2JjN2M0YzAiOnsiY3JlYXRlIjozMDAwMDAwMDAwMDAsImRlbGV0ZSI6MzAwMDAwMDAwMDAwLCJ1cGRhdGUiOjEyMDAwMDAwMDAwMH19",
          "dependencies": [
            "aws_eip.nat",
            "aws_internet_gateway.main",
            "aws_nat_gateway.main",
            "aws_route_table.private",
            "aws_subnet.private",
            "aws_subnet.public",
            "aws_vpc.main"
          ]
        }
      ]
    },
    {
      "mode": "managed",
      "type": "aws_route_table_association",
      "name": "public",
      "provider": "provider[\"registry.terraform.io/hashicorp/aws\"]",
      "instances": [
        {
          "index_key": 0,
          "schema_version": 0,
          "attributes": {
            "gateway_id": "",
            "id": "rtbassoc-a8e8ee98b6bd0960c",
            "route_table_id": "rtb-67f7fc9e805843749",
            "subnet_id": "subnet-dd87f198eb4b40067",
            "timeouts": null
          },
          "sensitive_attributes": [],
          "identity_schema_version": 0,
          "private": "eyJlMmJmYjczMC1lY2FhLTExZTYtOGY4OC0zNDM2M2JjN2M0YzAiOnsiY3JlYXRlIjozMDAwMDAwMDAwMDAsImRlbGV0ZSI6MzAwMDAwMDAwMDAwLCJ1cGRhdGUiOjEyMDAwMDAwMDAwMH19",
          "dependencies": [
            "aws_internet_gateway.main",
            "aws_route_table.public",
            "aws_subnet.public",
            "aws_vpc.main"
          ]
        },
        {
          "index_key": 1,
          "schema_version": 0,
          "attributes": {
            "gateway_id": "",
            "id": "rtbassoc-e8af25196b71d0791",
            "route_table_id": "rtb-67f7fc9e805843749",
            "subnet_id": "subnet-bb020be94bc6ce3e8",
            "timeouts": null
          },
          "sensitive_attributes": [],
          "identity_schema_version": 0,
          "private": "eyJlMmJmYjczMC1lY2FhLTExZTYtOGY4OC0zNDM2M2JjN2M0YzAiOnsiY3JlYXRlIjozMDAwMDAwMDAwMDAsImRlbGV0ZSI6MzAwMDAwMDAwMDAwLCJ1cGRhdGUiOjEyMDAwMDAwMDAwMH19",
          "dependencies": [
            "aws_internet_gateway.main",
            "aws_route_table.public",
            "aws_subnet.public",
            "aws_vpc.main"
          ]
        }
      ]
    },
    {
      "mode": "managed",
      "type": "aws_security_group",
      "name": "alb",
      "provider": "provider[\"registry.terraform.io/hashicorp/aws\"]",
      "instances": [
        {
          "schema_version": 1,
          "attributes": {
            "arn": "arn:aws:ec2:us-east-1:000000000000:security-group/sg-01a67a6d12ceb2032",
            "description": "Managed by Terraform",
            "egress": [
              {
                "cidr_blocks": [
                  "0.0.0.0/0"
                ],
                "description": "",
                "from_port": 0,
                "ipv6_cidr_blocks": [],
                "prefix_list_ids": [],
                "protocol": "-1",
                "security_groups": [],
                "self": false,
                "to_port": 0
              }
            ],
            "id": "sg-01a67a6d12ceb2032",
            "ingress": [
              {
                "cidr_blocks": [
                  "0.0.0.0/0"
                ],
                "description": "",
                "from_port": 80,
                "ipv6_cidr_blocks": [],
                "prefix_list_ids": [],
                "protocol": "tcp",
                "security_groups": [],
                "self": false,
                "to_port": 80
              }
            ],
            "name": "resilientcommerce-alb-20260712123756088700000002",
            "name_prefix": "resilientcommerce-alb-",
            "owner_id": "000000000000",
            "revoke_rules_on_delete": false,
            "tags": {
              "Name": "resilientcommerce-alb-sg"
            },
            "tags_all": {
              "Name": "resilientcommerce-alb-sg"
            },
            "timeouts": null,
            "vpc_id": "vpc-c888f00a7de3c4172"
          },
          "sensitive_attributes": [],
          "identity_schema_version": 0,
          "private": "eyJlMmJmYjczMC1lY2FhLTExZTYtOGY4OC0zNDM2M2JjN2M0YzAiOnsiY3JlYXRlIjo2MDAwMDAwMDAwMDAsImRlbGV0ZSI6OTAwMDAwMDAwMDAwfSwic2NoZW1hX3ZlcnNpb24iOiIxIn0=",
          "dependencies": [
            "aws_vpc.main"
          ]
        }
      ]
    },
    {
      "mode": "managed",
      "type": "aws_subnet",
      "name": "private",
      "provider": "provider[\"registry.terraform.io/hashicorp/aws\"]",
      "instances": [
        {
          "index_key": 0,
          "schema_version": 1,
          "attributes": {
            "arn": "arn:aws:ec2:us-east-1:000000000000:subnet/subnet-19e733e65ca6f48f0",
            "assign_ipv6_address_on_creation": false,
            "availability_zone": "us-east-1a",
            "availability_zone_id": "use1-az6",
            "cidr_block": "10.0.10.0/24",
            "customer_owned_ipv4_pool": "",
            "enable_dns64": false,
            "enable_lni_at_device_index": 0,
            "enable_resource_name_dns_a_record_on_launch": false,
            "enable_resource_name_dns_aaaa_record_on_launch": false,
            "id": "subnet-19e733e65ca6f48f0",
            "ipv6_cidr_block": "",
            "ipv6_cidr_block_association_id": "",
            "ipv6_native": false,
            "map_customer_owned_ip_on_launch": false,
            "map_public_ip_on_launch": false,
            "outpost_arn": "",
            "owner_id": "000000000000",
            "private_dns_hostname_type_on_launch": "ip-name",
            "tags": {
              "Name": "resilientcommerce-private-us-east-1a",
              "kubernetes.io/role/internal-elb": "1"
            },
            "tags_all": {
              "Name": "resilientcommerce-private-us-east-1a",
              "kubernetes.io/role/internal-elb": "1"
            },
            "timeouts": null,
            "vpc_id": "vpc-c888f00a7de3c4172"
          },
          "sensitive_attributes": [],
          "identity_schema_version": 0,
          "private": "eyJlMmJmYjczMC1lY2FhLTExZTYtOGY4OC0zNDM2M2JjN2M0YzAiOnsiY3JlYXRlIjo2MDAwMDAwMDAwMDAsImRlbGV0ZSI6MTIwMDAwMDAwMDAwMH0sInNjaGVtYV92ZXJzaW9uIjoiMSJ9",
          "dependencies": [
            "aws_vpc.main"
          ]
        },
        {
          "index_key": 1,
          "schema_version": 1,
          "attributes": {
            "arn": "arn:aws:ec2:us-east-1:000000000000:subnet/subnet-12c2f979dbf47ba0e",
            "assign_ipv6_address_on_creation": false,
            "availability_zone": "us-east-1b",
            "availability_zone_id": "use1-az1",
            "cidr_block": "10.0.11.0/24",
            "customer_owned_ipv4_pool": "",
            "enable_dns64": false,
            "enable_lni_at_device_index": 0,
            "enable_resource_name_dns_a_record_on_launch": false,
            "enable_resource_name_dns_aaaa_record_on_launch": false,
            "id": "subnet-12c2f979dbf47ba0e",
            "ipv6_cidr_block": "",
            "ipv6_cidr_block_association_id": "",
            "ipv6_native": false,
            "map_customer_owned_ip_on_launch": false,
            "map_public_ip_on_launch": false,
            "outpost_arn": "",
            "owner_id": "000000000000",
            "private_dns_hostname_type_on_launch": "ip-name",
            "tags": {
              "Name": "resilientcommerce-private-us-east-1b",
              "kubernetes.io/role/internal-elb": "1"
            },
            "tags_all": {
              "Name": "resilientcommerce-private-us-east-1b",
              "kubernetes.io/role/internal-elb": "1"
            },
            "timeouts": null,
            "vpc_id": "vpc-c888f00a7de3c4172"
          },
          "sensitive_attributes": [],
          "identity_schema_version": 0,
          "private": "eyJlMmJmYjczMC1lY2FhLTExZTYtOGY4OC0zNDM2M2JjN2M0YzAiOnsiY3JlYXRlIjo2MDAwMDAwMDAwMDAsImRlbGV0ZSI6MTIwMDAwMDAwMDAwMH0sInNjaGVtYV92ZXJzaW9uIjoiMSJ9",
          "dependencies": [
            "aws_vpc.main"
          ]
        }
      ]
    },
    {
      "mode": "managed",
      "type": "aws_subnet",
      "name": "public",
      "provider": "provider[\"registry.terraform.io/hashicorp/aws\"]",
      "instances": [
        {
          "index_key": 0,
          "schema_version": 1,
          "attributes": {
            "arn": "arn:aws:ec2:us-east-1:000000000000:subnet/subnet-dd87f198eb4b40067",
            "assign_ipv6_address_on_creation": false,
            "availability_zone": "us-east-1a",
            "availability_zone_id": "use1-az6",
            "cidr_block": "10.0.0.0/24",
            "customer_owned_ipv4_pool": "",
            "enable_dns64": false,
            "enable_lni_at_device_index": 0,
            "enable_resource_name_dns_a_record_on_launch": false,
            "enable_resource_name_dns_aaaa_record_on_launch": false,
            "id": "subnet-dd87f198eb4b40067",
            "ipv6_cidr_block": "",
            "ipv6_cidr_block_association_id": "",
            "ipv6_native": false,
            "map_customer_owned_ip_on_launch": false,
            "map_public_ip_on_launch": true,
            "outpost_arn": "",
            "owner_id": "000000000000",
            "private_dns_hostname_type_on_launch": "ip-name",
            "tags": {
              "Name": "resilientcommerce-public-us-east-1a",
              "kubernetes.io/role/elb": "1"
            },
            "tags_all": {
              "Name": "resilientcommerce-public-us-east-1a",
              "kubernetes.io/role/elb": "1"
            },
            "timeouts": null,
            "vpc_id": "vpc-c888f00a7de3c4172"
          },
          "sensitive_attributes": [],
          "identity_schema_version": 0,
          "private": "eyJlMmJmYjczMC1lY2FhLTExZTYtOGY4OC0zNDM2M2JjN2M0YzAiOnsiY3JlYXRlIjo2MDAwMDAwMDAwMDAsImRlbGV0ZSI6MTIwMDAwMDAwMDAwMH0sInNjaGVtYV92ZXJzaW9uIjoiMSJ9",
          "dependencies": [
            "aws_vpc.main"
          ]
        },
        {
          "index_key": 1,
          "schema_version": 1,
          "attributes": {
            "arn": "arn:aws:ec2:us-east-1:000000000000:subnet/subnet-bb020be94bc6ce3e8",
            "assign_ipv6_address_on_creation": false,
            "availability_zone": "us-east-1b",
            "availability_zone_id": "use1-az1",
            "cidr_block": "10.0.1.0/24",
            "customer_owned_ipv4_pool": "",
            "enable_dns64": false,
            "enable_lni_at_device_index": 0,
            "enable_resource_name_dns_a_record_on_launch": false,
            "enable_resource_name_dns_aaaa_record_on_launch": false,
            "id": "subnet-bb020be94bc6ce3e8",
            "ipv6_cidr_block": "",
            "ipv6_cidr_block_association_id": "",
            "ipv6_native": false,
            "map_customer_owned_ip_on_launch": false,
            "map_public_ip_on_launch": true,
            "outpost_arn": "",
            "owner_id": "000000000000",
            "private_dns_hostname_type_on_launch": "ip-name",
            "tags": {
              "Name": "resilientcommerce-public-us-east-1b",
              "kubernetes.io/role/elb": "1"
            },
            "tags_all": {
              "Name": "resilientcommerce-public-us-east-1b",
              "kubernetes.io/role/elb": "1"
            },
            "timeouts": null,
            "vpc_id": "vpc-c888f00a7de3c4172"
          },
          "sensitive_attributes": [],
          "identity_schema_version": 0,
          "private": "eyJlMmJmYjczMC1lY2FhLTExZTYtOGY4OC0zNDM2M2JjN2M0YzAiOnsiY3JlYXRlIjo2MDAwMDAwMDAwMDAsImRlbGV0ZSI6MTIwMDAwMDAwMDAwMH0sInNjaGVtYV92ZXJzaW9uIjoiMSJ9",
          "dependencies": [
            "aws_vpc.main"
          ]
        }
      ]
    },
    {
      "mode": "managed",
      "type": "aws_vpc",
      "name": "main",
      "provider": "provider[\"registry.terraform.io/hashicorp/aws\"]",
      "instances": [
        {
          "schema_version": 1,
          "attributes": {
            "arn": "arn:aws:ec2:us-east-1:000000000000:vpc/vpc-c888f00a7de3c4172",
            "assign_generated_ipv6_cidr_block": false,
            "cidr_block": "10.0.0.0/16",
            "default_network_acl_id": "acl-e9c7d5a456926f38c",
            "default_route_table_id": "rtb-726faf3ddd1404d04",
            "default_security_group_id": "sg-5554007662c45f616",
            "dhcp_options_id": "default",
            "enable_dns_hostnames": true,
            "enable_dns_support": true,
            "enable_network_address_usage_metrics": false,
            "id": "vpc-c888f00a7de3c4172",
            "instance_tenancy": "default",
            "ipv4_ipam_pool_id": null,
            "ipv4_netmask_length": null,
            "ipv6_association_id": "",
            "ipv6_cidr_block": "",
            "ipv6_cidr_block_network_border_group": "",
            "ipv6_ipam_pool_id": "",
            "ipv6_netmask_length": 0,
            "main_route_table_id": "rtb-726faf3ddd1404d04",
            "owner_id": "000000000000",
            "tags": {
              "Name": "resilientcommerce-vpc"
            },
            "tags_all": {
              "Name": "resilientcommerce-vpc"
            }
          },
          "sensitive_attributes": [],
          "identity_schema_version": 0,
          "private": "eyJzY2hlbWFfdmVyc2lvbiI6IjEifQ=="
        }
      ]
    }
  ],
  "check_results": null
}
